# This file is autogenerated, do not edit; changes may be undone by the next 'dep ensure'.


[[projects]]
  branch = "master"
  name = "github.com/imkira/go-libav"
  packages = ["avcodec","avfilter","avformat","avutil"]
  revision = "ab207a9a7592d50464a5dae46713a91b9721000b"

[solve-meta]
  analyzer-name = "dep"
  analyzer-version = 1
  inputs-digest = "cbe76cbadf5668b5fc1a5be94eca44e3c592b7f86b0c8265455f9a59e020ddba"
  solver-name = "gps-cdcl"
  solver-version = 1
